{
  "name": "portfolio_site",
  "version": "1.0.0",
  "lockfileVersion": 2,
  "requires": true,
  "packages": {
    "": {
      "name": "portfolio_site",
      "version": "1.0.0",
      "license": "ISC",
      "dependencies": {
        "js-routing": "^1.0.1"
      }
    },
    "node_modules/js-routing": {
      "version": "1.0.1",
      "resolved": "https://registry.npmjs.org/js-routing/-/js-routing-1.0.1.tgz",
      "integrity": "sha512-9EXPlXHRpZ/eXi1sj0an0GoOayONFZtqd6r4QbgxBbbm2pb1fD9WfO/S7+WPD95bSLHH/eqqsV+RZ1OacAI0tw=="
    }
  },
  "dependencies": {
    "js-routing": {
      "version": "1.0.1",
      "resolved": "https://registry.npmjs.org/js-routing/-/js-routing-1.0.1.tgz",
      "integrity": "sha512-9EXPlXHRpZ/eXi1sj0an0GoOayONFZtqd6r4QbgxBbbm2pb1fD9WfO/S7+WPD95bSLHH/eqqsV+RZ1OacAI0tw=="
    }
  }
}
